// !$*UTF8*$!
{
	archiveVersion = 1;
	classes = {
	};
	objectVersion = 56;
	objects = {

/* Begin PBXBuildFile section */
		3C80D74229DE2DDD005729F4 /* User.swift in Sources */ = {isa = PBXBuildFile; fileRef = 3C80D73F29DE2DDD005729F4 /* User.swift */; };
		3C80D74329DE2DDD005729F4 /* LoginViewController.swift in Sources */ = {isa = PBXBuildFile; fileRef = 3C80D74029DE2DDD005729F4 /* LoginViewController.swift */; };
		3C80D74429DE2DDD005729F4 /* SignUpViewController.swift in Sources */ = {isa = PBXBuildFile; fileRef = 3C80D74129DE2DDD005729F4 /* SignUpViewController.swift */; };
		C963639C29CC0AAC007CCF7D /* Alamofire in Frameworks */ = {isa = PBXBuildFile; productRef = C963639B29CC0AAC007CCF7D /* Alamofire */; };
		C963639F29CC0AEE007CCF7D /* AlamofireImage in Frameworks */ = {isa = PBXBuildFile; productRef = C963639E29CC0AEE007CCF7D /* AlamofireImage */; };
		C9AA0D9E29B6B08C00AF102D /* AppDelegate.swift in Sources */ = {isa = PBXBuildFile; fileRef = C9AA0D9D29B6B08C00AF102D /* AppDelegate.swift */; };
		C9AA0DA029B6B08C00AF102D /* SceneDelegate.swift in Sources */ = {isa = PBXBuildFile; fileRef = C9AA0D9F29B6B08C00AF102D /* SceneDelegate.swift */; };
		C9AA0DA229B6B08C00AF102D /* ViewController.swift in Sources */ = {isa = PBXBuildFile; fileRef = C9AA0DA129B6B08C00AF102D /* ViewController.swift */; };
		C9AA0DA529B6B08C00AF102D /* Main.storyboard in Resources */ = {isa = PBXBuildFile; fileRef = C9AA0DA329B6B08C00AF102D /* Main.storyboard */; };
		C9AA0DA729B6B08D00AF102D /* Assets.xcassets in Resources */ = {isa = PBXBuildFile; fileRef = C9AA0DA629B6B08D00AF102D /* Assets.xcassets */; };
		C9AA0DAA29B6B08D00AF102D /* LaunchScreen.storyboard in Resources */ = {isa = PBXBuildFile; fileRef = C9AA0DA829B6B08D00AF102D /* LaunchScreen.storyboard */; };
		C9AA0DB529B94EAB00AF102D /* ParseSwift in Frameworks */ = {isa = PBXBuildFile; productRef = C9AA0DB429B94EAB00AF102D /* ParseSwift */; };
/* End PBXBuildFile section */

/* Begin PBXFileReference section */
		3C80D73F29DE2DDD005729F4 /* User.swift */ = {isa = PBXFileReference; fileEncoding = 4; lastKnownFileType = sourcecode.swift; path = User.swift; sourceTree = "<group>"; };
		3C80D74029DE2DDD005729F4 /* LoginViewController.swift */ = {isa = PBXFileReference; fileEncoding = 4; lastKnownFileType = sourcecode.swift; path = LoginViewController.swift; sourceTree = "<group>"; };
		3C80D74129DE2DDD005729F4 /* SignUpViewController.swift */ = {isa = PBXFileReference; fileEncoding = 4; lastKnownFileType = sourcecode.swift; path = SignUpViewController.swift; sourceTree = "<group>"; };
		C9AA0D9A29B6B08C00AF102D /* dapperling.app */ = {isa = PBXFileReference; explicitFileType = wrapper.application; includeInIndex = 0; path = dapperling.app; sourceTree = BUILT_PRODUCTS_DIR; };
		C9AA0D9D29B6B08C00AF102D /* AppDelegate.swift */ = {isa = PBXFileReference; lastKnownFileType = sourcecode.swift; path = AppDelegate.swift; sourceTree = "<group>"; };
		C9AA0D9F29B6B08C00AF102D /* SceneDelegate.swift */ = {isa = PBXFileReference; lastKnownFileType = sourcecode.swift; path = SceneDelegate.swift; sourceTree = "<group>"; };
		C9AA0DA129B6B08C00AF102D /* ViewController.swift */ = {isa = PBXFileReference; lastKnownFileType = sourcecode.swift; path = ViewController.swift; sourceTree = "<group>"; };
		C9AA0DA429B6B08C00AF102D /* Base */ = {isa = PBXFileReference; lastKnownFileType = file.storyboard; name = Base; path = Base.lproj/Main.storyboard; sourceTree = "<group>"; };
		C9AA0DA629B6B08D00AF102D /* Assets.xcassets */ = {isa = PBXFileReference; lastKnownFileType = folder.assetcatalog; path = Assets.xcassets; sourceTree = "<group>"; };
		C9AA0DA929B6B08D00AF102D /* Base */ = {isa = PBXFileReference; lastKnownFileType = file.storyboard; name = Base; path = Base.lproj/LaunchScreen.storyboard; sourceTree = "<group>"; };
		C9AA0DAB29B6B08D00AF102D /* Info.plist */ = {isa = PBXFileReference; lastKnownFileType = text.plist.xml; path = Info.plist; sourceTree = "<group>"; };
/* End PBXFileReference section */

/* Begin PBXFrameworksBuildPhase section */
		C9AA0D9729B6B08C00AF102D /* Frameworks */ = {
			isa = PBXFrameworksBuildPhase;
			buildActionMask = 2147483647;
			files = (
				C9AA0DB529B94EAB00AF102D /* ParseSwift in Frameworks */,
				C963639C29CC0AAC007CCF7D /* Alamofire in Frameworks */,
				C963639F29CC0AEE007CCF7D /* AlamofireImage in Frameworks */,
			);
			runOnlyForDeploymentPostprocessing = 0;
		};
/* End PBXFrameworksBuildPhase section */

/* Begin PBXGroup section */
		C9AA0D9129B6B08C00AF102D = {
			isa = PBXGroup;
			children = (
				C9AA0D9C29B6B08C00AF102D /* dapperling */,
				C9AA0D9B29B6B08C00AF102D /* Products */,
			);
			sourceTree = "<group>";
		};
		C9AA0D9B29B6B08C00AF102D /* Products */ = {
			isa = PBXGroup;
			children = (
				C9AA0D9A29B6B08C00AF102D /* dapperling.app */,
			);
			name = Products;
			sourceTree = "<group>";
		};
		C9AA0D9C29B6B08C00AF102D /* dapperling */ = {
			isa = PBXGroup;
			children = (
				3C80D74029DE2DDD005729F4 /* LoginViewController.swift */,
				3C80D74129DE2DDD005729F4 /* SignUpViewController.swift */,
				3C80D73F29DE2DDD005729F4 /* User.swift */,
				C9AA0D9D29B6B08C00AF102D /* AppDelegate.swift */,
				C9AA0D9F29B6B08C00AF102D /* SceneDelegate.swift */,
				C9AA0DA129B6B08C00AF102D /* ViewController.swift */,
				C9AA0DA329B6B08C00AF102D /* Main.storyboard */,
				C9AA0DA629B6B08D00AF102D /* Assets.xcassets */,
				C9AA0DA829B6B08D00AF102D /* LaunchScreen.storyboard */,
				C9AA0DAB29B6B08D00AF102D /* Info.plist */,
			);
			path = dapperling;
			sourceTree = "<group>";
		};
/* End PBXGroup section */

/* Begin PBXNativeTarget section */
		C9AA0D9929B6B08C00AF102D /* dapperling */ = {
			isa = PBXNativeTarget;
			buildConfigurationList = C9AA0DAE29B6B08D00AF102D /* Build configuration list for PBXNativeTarget "dapperling" */;
			buildPhases = (
				C9AA0D9629B6B08C00AF102D /* Sources */,
				C9AA0D9729B6B08C00AF102D /* Frameworks */,
				C9AA0D9829B6B08C00AF102D /* Resources */,
			);
			buildRules = (
			);
			dependencies = (
			);
			name = dapperling;
			packageProductDependencies = (
				C9AA0DB429B94EAB00AF102D /* ParseSwift */,
				C963639B29CC0AAC007CCF7D /* Alamofire */,
				C963639E29CC0AEE007CCF7D /* AlamofireImage */,
			);
			productName = dapperling;
			productReference = C9AA0D9A29B6B08C00AF102D /* dapperling.app */;
			productType = "com.apple.product-type.application";
		};
/* End PBXNativeTarget section */

/* Begin PBXProject section */
		C9AA0D9229B6B08C00AF102D /* Project object */ = {
			isa = PBXProject;
			attributes = {
				BuildIndependentTargetsInParallel = 1;
				LastSwiftUpdateCheck = 1420;
				LastUpgradeCheck = 1420;
				TargetAttributes = {
					C9AA0D9929B6B08C00AF102D = {
						CreatedOnToolsVersion = 14.2;
					};
				};
			};
			buildConfigurationList = C9AA0D9529B6B08C00AF102D /* Build configuration list for PBXProject "dapperling" */;
			compatibilityVersion = "Xcode 14.0";
			developmentRegion = en;
			hasScannedForEncodings = 0;
			knownRegions = (
				en,
				Base,
			);
			mainGroup = C9AA0D9129B6B08C00AF102D;
			packageReferences = (
				C9AA0DB329B94EAB00AF102D /* XCRemoteSwiftPackageReference "Parse-Swift" */,
				C963639A29CC0AAC007CCF7D /* XCRemoteSwiftPackageReference "Alamofire" */,
				C963639D29CC0AEE007CCF7D /* XCRemoteSwiftPackageReference "AlamofireImage" */,
			);
			productRefGroup = C9AA0D9B29B6B08C00AF102D /* Products */;
			projectDirPath = "";
			projectRoot = "";
			targets = (
				C9AA0D9929B6B08C00AF102D /* dapperling */,
			);
		};
/* End PBXProject section */

/* Begin PBXResourcesBuildPhase section */
		C9AA0D9829B6B08C00AF102D /* Resources */ = {
			isa = PBXResourcesBuildPhase;
			buildActionMask = 2147483647;
			files = (
				C9AA0DAA29B6B08D00AF102D /* LaunchScreen.storyboard in Resources */,
				C9AA0DA729B6B08D00AF102D /* Assets.xcassets in Resources */,
				C9AA0DA529B6B08C00AF102D /* Main.storyboard in Resources */,
			);
			runOnlyForDeploymentPostprocessing = 0;
		};
/* End PBXResourcesBuildPhase section */

/* Begin PBXSourcesBuildPhase section */
		C9AA0D9629B6B08C00AF102D /* Sources */ = {
			isa = PBXSourcesBuildPhase;
			buildActionMask = 2147483647;
			files = (
				3C80D74429DE2DDD005729F4 /* SignUpViewController.swift in Sources */,
				3C80D74229DE2DDD005729F4 /* User.swift in Sources */,
				C9AA0DA229B6B08C00AF102D /* ViewController.swift in Sources */,
				C9AA0D9E29B6B08C00AF102D /* AppDelegate.swift in Sources */,
				3C80D74329DE2DDD005729F4 /* LoginViewController.swift in Sources */,
				C9AA0DA029B6B08C00AF102D /* SceneDelegate.swift in Sources */,
			);
			runOnlyForDeploymentPostprocessing = 0;
		};
/* End PBXSourcesBuildPhase section */

/* Begin PBXVariantGroup section */
		C9AA0DA329B6B08C00AF102D /* Main.storyboard */ = {
			isa = PBXVariantGroup;
			children = (
				C9AA0DA429B6B08C00AF102D /* Base */,
			);
			name = Main.storyboard;
			sourceTree = "<group>";
		};
		C9AA0DA829B6B08D00AF102D /* LaunchScreen.storyboard */ = {
			isa = PBXVariantGroup;
			children = (
				C9AA0DA929B6B08D00AF102D /* Base */,
			);
			name = LaunchScreen.storyboard;
			sourceTree = "<group>";
		};
/* End PBXVariantGroup section */

/* Begin XCBuildConfiguration section */
		C9AA0DAC29B6B08D00AF102D /* Debug */ = {
			isa = XCBuildConfiguration;
			buildSettings = {
				ALWAYS_SEARCH_USER_PATHS = NO;
				CLANG_ANALYZER_NONNULL = YES;
				CLANG_ANALYZER_NUMBER_OBJECT_CONVERSION = YES_AGGRESSIVE;
				CLANG_CXX_LANGUAGE_STANDARD = "gnu++20";
				CLANG_ENABLE_MODULES = YES;
				CLANG_ENABLE_OBJC_ARC = YES;
				CLANG_ENABLE_OBJC_WEAK = YES;
				CLANG_WARN_BLOCK_CAPTURE_AUTORELEASING = YES;
				CLANG_WARN_BOOL_CONVERSION = YES;
				CLANG_WARN_COMMA = YES;
				CLANG_WARN_CONSTANT_CONVERSION = YES;
				CLANG_WARN_DEPRECATED_OBJC_IMPLEMENTATIONS = YES;
				CLANG_WARN_DIRECT_OBJC_ISA_USAGE = YES_ERROR;
				CLANG_WARN_DOCUMENTATION_COMMENTS = YES;
				CLANG_WARN_EMPTY_BODY = YES;
				CLANG_WARN_ENUM_CONVERSION = YES;
				CLANG_WARN_INFINITE_RECURSION = YES;
				CLANG_WARN_INT_CONVERSION = YES;
				CLANG_WARN_NON_LITERAL_NULL_CONVERSION = YES;
				CLANG_WARN_OBJC_IMPLICIT_RETAIN_SELF = YES;
				CLANG_WARN_OBJC_LITERAL_CONVERSION = YES;
				CLANG_WARN_OBJC_ROOT_CLASS = YES_ERROR;
				CLANG_WARN_QUOTED_INCLUDE_IN_FRAMEWORK_HEADER = YES;
				CLANG_WARN_RANGE_LOOP_ANALYSIS = YES;
				CLANG_WARN_STRICT_PROTOTYPES = YES;
				CLANG_WARN_SUSPICIOUS_MOVE = YES;
				CLANG_WARN_UNGUARDED_AVAILABILITY = YES_AGGRESSIVE;
				CLANG_WARN_UNREACHABLE_CODE = YES;
				CLANG_WARN__DUPLICATE_METHOD_MATCH = YES;
				COPY_PHASE_STRIP = NO;
				DEBUG_INFORMATION_FORMAT = dwarf;
				ENABLE_STRICT_OBJC_MSGSEND = YES;
				ENABLE_TESTABILITY = YES;
				GCC_C_LANGUAGE_STANDARD = gnu11;
				GCC_DYNAMIC_NO_PIC = NO;
				GCC_NO_COMMON_BLOCKS = YES;
				GCC_OPTIMIZATION_LEVEL = 0;
				GCC_PREPROCESSOR_DEFINITIONS = (
					"DEBUG=1",
					"$(inherited)",
				);
				GCC_WARN_64_TO_32_BIT_CONVERSION = YES;
				GCC_WARN_ABOUT_RETURN_TYPE = YES_ERROR;
				GCC_WARN_UNDECLARED_SELECTOR = YES;
				GCC_WARN_UNINITIALIZED_AUTOS = YES_AGGRESSIVE;
				GCC_WARN_UNUSED_FUNCTION = YES;
				GCC_WARN_UNUSED_VARIABLE = YES;
				IPHONEOS_DEPLOYMENT_TARGET = 16.2;
				MTL_ENABLE_DEBUG_INFO = INCLUDE_SOURCE;
				MTL_FAST_MATH = YES;
				ONLY_ACTIVE_ARCH = YES;
				SDKROOT = iphoneos;
				SWIFT_ACTIVE_COMPILATION_CONDITIONS = DEBUG;
				SWIFT_OPTIMIZATION_LEVEL = "-Onone";
			};
			name = Debug;
		};
		C9AA0DAD29B6B08D00AF102D /* Release */ = {
			isa = XCBuildConfiguration;
			buildSettings = {
				ALWAYS_SEARCH_USER_PATHS = NO;
				CLANG_ANALYZER_NONNULL = YES;
				CLANG_ANALYZER_NUMBER_OBJECT_CONVERSION = YES_AGGRESSIVE;
				CLANG_CXX_LANGUAGE_STANDARD = "gnu++20";
				CLANG_ENABLE_MODULES = YES;
				CLANG_ENABLE_OBJC_ARC = YES;
				CLANG_ENABLE_OBJC_WEAK = YES;
				CLANG_WARN_BLOCK_CAPTURE_AUTORELEASING = YES;
				CLANG_WARN_BOOL_CONVERSION = YES;
				CLANG_WARN_COMMA = YES;
				CLANG_WARN_CONSTANT_CONVERSION = YES;
				CLANG_WARN_DEPRECATED_OBJC_IMPLEMENTATIONS = YES;
				CLANG_WARN_DIRECT_OBJC_ISA_USAGE = YES_ERROR;
				CLANG_WARN_DOCUMENTATION_COMMENTS = YES;
				CLANG_WARN_EMPTY_BODY = YES;
				CLANG_WARN_ENUM_CONVERSION = YES;
				CLANG_WARN_INFINITE_RECURSION = YES;
				CLANG_WARN_INT_CONVERSION = YES;
				CLANG_WARN_NON_LITERAL_NULL_CONVERSION = YES;
				CLANG_WARN_OBJC_IMPLICIT_RETAIN_SELF = YES;
				CLANG_WARN_OBJC_LITERAL_CONVERSION = YES;
				CLANG_WARN_OBJC_ROOT_CLASS = YES_ERROR;
				CLANG_WARN_QUOTED_INCLUDE_IN_FRAMEWORK_HEADER = YES;
				CLANG_WARN_RANGE_LOOP_ANALYSIS = YES;
				CLANG_WARN_STRICT_PROTOTYPES = YES;
				CLANG_WARN_SUSPICIOUS_MOVE = YES;
				CLANG_WARN_UNGUARDED_AVAILABILITY = YES_AGGRESSIVE;
				CLANG_WARN_UNREACHABLE_CODE = YES;
				CLANG_WARN__DUPLICATE_METHOD_MATCH = YES;
				COPY_PHASE_STRIP = NO;
				DEBUG_INFORMATION_FORMAT = "dwarf-with-dsym";
				ENABLE_NS_ASSERTIONS = NO;
				ENABLE_STRICT_OBJC_MSGSEND = YES;
				GCC_C_LANGUAGE_STANDARD = gnu11;
				GCC_NO_COMMON_BLOCKS = YES;
				GCC_WARN_64_TO_32_BIT_CONVERSION = YES;
				GCC_WARN_ABOUT_RETURN_TYPE = YES_ERROR;
				GCC_WARN_UNDECLARED_SELECTOR = YES;
				GCC_WARN_UNINITIALIZED_AUTOS = YES_AGGRESSIVE;
				GCC_WARN_UNUSED_FUNCTION = YES;
				GCC_WARN_UNUSED_VARIABLE = YES;
				IPHONEOS_DEPLOYMENT_TARGET = 16.2;
				MTL_ENABLE_DEBUG_INFO = NO;
				MTL_FAST_MATH = YES;
				SDKROOT = iphoneos;
				SWIFT_COMPILATION_MODE = wholemodule;
				SWIFT_OPTIMIZATION_LEVEL = "-O";
				VALIDATE_PRODUCT = YES;
			};
			name = Release;
		};
		C9AA0DAF29B6B08D00AF102D /* Debug */ = {
			isa = XCBuildConfiguration;
			buildSettings = {
				ASSETCATALOG_COMPILER_APPICON_NAME = AppIcon;
				ASSETCATALOG_COMPILER_GLOBAL_ACCENT_COLOR_NAME = AccentColor;
				CODE_SIGN_STYLE = Automatic;
				CURRENT_PROJECT_VERSION = 1;
				DEVELOPMENT_TEAM = DQAN8G7R2G;
				GENERATE_INFOPLIST_FILE = YES;
				INFOPLIST_FILE = dapperling/Info.plist;
				INFOPLIST_KEY_UIApplicationSupportsIndirectInputEvents = YES;
				INFOPLIST_KEY_UILaunchStoryboardName = LaunchScreen;
				INFOPLIST_KEY_UIMainStoryboardFile = Main;
				INFOPLIST_KEY_UISupportedInterfaceOrientations_iPad = "UIInterfaceOrientationPortrait UIInterfaceOrientationPortraitUpsideDown UIInterfaceOrientationLandscapeLeft UIInterfaceOrientationLandscapeRight";
				INFOPLIST_KEY_UISupportedInterfaceOrientations_iPhone = "UIInterfaceOrientationPortrait UIInterfaceOrientationLandscapeLeft UIInterfaceOrientationLandscapeRight";
				LD_RUNPATH_SEARCH_PATHS = (
					"$(inherited)",
					"@executable_path/Frameworks",
				);
				MARKETING_VERSION = 1.0;
				PRODUCT_BUNDLE_IDENTIFIER = com.ChloeYao.Introduce.dapperling;
				PRODUCT_NAME = "$(TARGET_NAME)";
				SWIFT_EMIT_LOC_STRINGS = YES;
				SWIFT_VERSION = 5.0;
				TARGETED_DEVICE_FAMILY = "1,2";
			};
			name = Debug;
		};
		C9AA0DB029B6B08D00AF102D /* Release */ = {
			isa = XCBuildConfiguration;
			buildSettings = {
				ASSETCATALOG_COMPILER_APPICON_NAME = AppIcon;
				ASSETCATALOG_COMPILER_GLOBAL_ACCENT_COLOR_NAME = AccentColor;
				CODE_SIGN_STYLE = Automatic;
				CURRENT_PROJECT_VERSION = 1;
				DEVELOPMENT_TEAM = DQAN8G7R2G;
				GENERATE_INFOPLIST_FILE = YES;
				INFOPLIST_FILE = dapperling/Info.plist;
				INFOPLIST_KEY_UIApplicationSupportsIndirectInputEvents = YES;
				INFOPLIST_KEY_UILaunchStoryboardName = LaunchScreen;
				INFOPLIST_KEY_UIMainStoryboardFile = Main;
				INFOPLIST_KEY_UISupportedInterfaceOrientations_iPad = "UIInterfaceOrientationPortrait UIInterfaceOrientationPortraitUpsideDown UIInterfaceOrientationLandscapeLeft UIInterfaceOrientationLandscapeRight";
				INFOPLIST_KEY_UISupportedInterfaceOrientations_iPhone = "UIInterfaceOrientationPortrait UIInterfaceOrientationLandscapeLeft UIInterfaceOrientationLandscapeRight";
				LD_RUNPATH_SEARCH_PATHS = (
					"$(inherited)",
					"@executable_path/Frameworks",
				);
				MARKETING_VERSION = 1.0;
				PRODUCT_BUNDLE_IDENTIFIER = com.ChloeYao.Introduce.dapperling;
				PRODUCT_NAME = "$(TARGET_NAME)";
				SWIFT_EMIT_LOC_STRINGS = YES;
				SWIFT_VERSION = 5.0;
				TARGETED_DEVICE_FAMILY = "1,2";
			};
			name = Release;
		};
/* End XCBuildConfiguration section */

/* Begin XCConfigurationList section */
		C9AA0D9529B6B08C00AF102D /* Build configuration list for PBXProject "dapperling" */ = {
			isa = XCConfigurationList;
			buildConfigurations = (
				C9AA0DAC29B6B08D00AF102D /* Debug */,
				C9AA0DAD29B6B08D00AF102D /* Release */,
			);
			defaultConfigurationIsVisible = 0;
			defaultConfigurationName = Release;
		};
		C9AA0DAE29B6B08D00AF102D /* Build configuration list for PBXNativeTarget "dapperling" */ = {
			isa = XCConfigurationList;
			buildConfigurations = (
				C9AA0DAF29B6B08D00AF102D /* Debug */,
				C9AA0DB029B6B08D00AF102D /* Release */,
			);
			defaultConfigurationIsVisible = 0;
			defaultConfigurationName = Release;
		};
/* End XCConfigurationList section */

/* Begin XCRemoteSwiftPackageReference section */
		C963639A29CC0AAC007CCF7D /* XCRemoteSwiftPackageReference "Alamofire" */ = {
			isa = XCRemoteSwiftPackageReference;
			repositoryURL = "https://github.com/Alamofire/Alamofire";
			requirement = {
				kind = upToNextMajorVersion;
				minimumVersion = 5.0.0;
			};
		};
		C963639D29CC0AEE007CCF7D /* XCRemoteSwiftPackageReference "AlamofireImage" */ = {
			isa = XCRemoteSwiftPackageReference;
			repositoryURL = "https://github.com/Alamofire/AlamofireImage";
			requirement = {
				kind = upToNextMajorVersion;
				minimumVersion = 4.0.0;
			};
		};
		C9AA0DB329B94EAB00AF102D /* XCRemoteSwiftPackageReference "Parse-Swift" */ = {
			isa = XCRemoteSwiftPackageReference;
			repositoryURL = "https://github.com/parse-community/Parse-Swift";
			requirement = {
				kind = upToNextMajorVersion;
				minimumVersion = 4.0.0;
			};
		};
/* End XCRemoteSwiftPackageReference section */

/* Begin XCSwiftPackageProductDependency section */
		C963639B29CC0AAC007CCF7D /* Alamofire */ = {
			isa = XCSwiftPackageProductDependency;
			package = C963639A29CC0AAC007CCF7D /* XCRemoteSwiftPackageReference "Alamofire" */;
			productName = Alamofire;
		};
		C963639E29CC0AEE007CCF7D /* AlamofireImage */ = {
			isa = XCSwiftPackageProductDependency;
			package = C963639D29CC0AEE007CCF7D /* XCRemoteSwiftPackageReference "AlamofireImage" */;
			productName = AlamofireImage;
		};
		C9AA0DB429B94EAB00AF102D /* ParseSwift */ = {
			isa = XCSwiftPackageProductDependency;
			package = C9AA0DB329B94EAB00AF102D /* XCRemoteSwiftPackageReference "Parse-Swift" */;
			productName = ParseSwift;
		};
/* End XCSwiftPackageProductDependency section */
	};
	rootObject = C9AA0D9229B6B08C00AF102D /* Project object */;
}
